Microsoft Visual Studio Solution File, Format Version 12.00
# Visual Studio 14
VisualStudioVersion = 14.0.23107.0
MinimumVisualStudioVersion = 10.0.40219.1
Project("{8BC9CEB8-8B4A-11D0-8D11-00A0C91BC942}") = "pageant", "pageant\pageant.vcxproj", "{27E8F930-2567-4FDC-82C1-0662AF3CDF6D}"
EndProject
Project("{8BC9CEB8-8B4A-11D0-8D11-00A0C91BC942}") = "plink", "plink\plink.vcxproj", "{4478087B-1DC8-4C3E-B624-13661DE1947E}"
EndProject
Project("{8BC9CEB8-8B4A-11D0-8D11-00A0C91BC942}") = "pscp", "pscp\pscp.vcxproj", "{26D200F3-250A-494F-AAA4-C992EC4345AA}"
EndProject
Project("{8BC9CEB8-8B4A-11D0-8D11-00A0C91BC942}") = "psftp", "psftp\psftp.vcxproj", "{3CAA8123-13FE-450D-BFE7-FCDA524D6830}"
EndProject
Project("{8BC9CEB8-8B4A-11D0-8D11-00A0C91BC942}") = "putty", "putty\putty.vcxproj", "{8F44624A-D188-4188-B9AA-5F99F20723E1}"
EndProject
Project("{8BC9CEB8-8B4A-11D0-8D11-00A0C91BC942}") = "puttygen", "puttygen\puttygen.vcxproj", "{617B1BEF-AA10-42B4-8F69-4C183BC1EC0F}"
EndProject
Project("{8BC9CEB8-8B4A-11D0-8D11-00A0C91BC942}") = "puttytel", "puttytel\puttytel.vcxproj", "{B7DD98FF-B336-4D23-9C07-E5FA7A9F3130}"
EndProject
Global
	GlobalSection(SolutionConfigurationPlatforms) = preSolution
		Debug|x86 = Debug|x86
		Release|x86 = Release|x86
	EndGlobalSection
	GlobalSection(ProjectConfigurationPlatforms) = postSolution
		{27E8F930-2567-4FDC-82C1-0662AF3CDF6D}.Debug|x86.ActiveCfg = Debug|Win32
		{27E8F930-2567-4FDC-82C1-0662AF3CDF6D}.Debug|x86.Build.0 = Debug|Win32
		{27E8F930-2567-4FDC-82C1-0662AF3CDF6D}.Release|x86.ActiveCfg = Release|Win32
		{27E8F930-2567-4FDC-82C1-0662AF3CDF6D}.Release|x86.Build.0 = Release|Win32
		{4478087B-1DC8-4C3E-B624-13661DE1947E}.Debug|x86.ActiveCfg = Debug|Win32
		{4478087B-1DC8-4C3E-B624-13661DE1947E}.Debug|x86.Build.0 = Debug|Win32
		{4478087B-1DC8-4C3E-B624-13661DE1947E}.Release|x86.ActiveCfg = Release|Win32
		{4478087B-1DC8-4C3E-B624-13661DE1947E}.Release|x86.Build.0 = Release|Win32
		{26D200F3-250A-494F-AAA4-C992EC4345AA}.Debug|x86.ActiveCfg = Debug|Win32
		{26D200F3-250A-494F-AAA4-C992EC4345AA}.Debug|x86.Build.0 = Debug|Win32
		{26D200F3-250A-494F-AAA4-C992EC4345AA}.Release|x86.ActiveCfg = Release|Win32
		{26D200F3-250A-494F-AAA4-C992EC4345AA}.Release|x86.Build.0 = Release|Win32
		{3CAA8123-13FE-450D-BFE7-FCDA524D6830}.Debug|x86.ActiveCfg = Debug|Win32
		{3CAA8123-13FE-450D-BFE7-FCDA524D6830}.Debug|x86.Build.0 = Debug|Win32
		{3CAA8123-13FE-450D-BFE7-FCDA524D6830}.Release|x86.ActiveCfg = Release|Win32
		{3CAA8123-13FE-450D-BFE7-FCDA524D6830}.Release|x86.Build.0 = Release|Win32
		{8F44624A-D188-4188-B9AA-5F99F20723E1}.Debug|x86.ActiveCfg = Debug|Win32
		{8F44624A-D188-4188-B9AA-5F99F20723E1}.Debug|x86.Build.0 = Debug|Win32
		{8F44624A-D188-4188-B9AA-5F99F20723E1}.Release|x86.ActiveCfg = Release|Win32
		{8F44624A-D188-4188-B9AA-5F99F20723E1}.Release|x86.Build.0 = Release|Win32
		{617B1BEF-AA10-42B4-8F69-4C183BC1EC0F}.Debug|x86.ActiveCfg = Debug|Win32
		{617B1BEF-AA10-42B4-8F69-4C183BC1EC0F}.Debug|x86.Build.0 = Debug|Win32
		{617B1BEF-AA10-42B4-8F69-4C183BC1EC0F}.Release|x86.ActiveCfg = Release|Win32
		{617B1BEF-AA10-42B4-8F69-4C183BC1EC0F}.Release|x86.Build.0 = Release|Win32
		{B7DD98FF-B336-4D23-9C07-E5FA7A9F3130}.Debug|x86.ActiveCfg = Debug|Win32
		{B7DD98FF-B336-4D23-9C07-E5FA7A9F3130}.Debug|x86.Build.0 = Debug|Win32
		{B7DD98FF-B336-4D23-9C07-E5FA7A9F3130}.Release|x86.ActiveCfg = Release|Win32
		{B7DD98FF-B336-4D23-9C07-E5FA7A9F3130}.Release|x86.Build.0 = Release|Win32
	EndGlobalSection
	GlobalSection(SolutionProperties) = preSolution
		HideSolutionNode = FALSE
	EndGlobalSection
EndGlobal
